
Microsoft Visual Studio Solution File, Format Version 12.00
# Visual Studio 2012
Project("{FAE04EC0-301F-11D3-BF4B-00C04F79EFBC}") = "StockServiceConsumer", "StockServiceConsumer\StockServiceConsumer.csproj", "{BF3DADAD-2E6F-468A-8E2D-975BAE0776A2}"
	ProjectSection(ProjectDependencies) = postProject
		{318A8BEB-5A91-4AB0-A316-812F36734A28} = {318A8BEB-5A91-4AB0-A316-812F36734A28}
	EndProjectSection
EndProject
Project("{E24C65DC-7377-472B-9ABA-BC803B73C61A}") = "StockService", "StockService\", "{318A8BEB-5A91-4AB0-A316-812F36734A28}"
	ProjectSection(WebsiteProperties) = preProject
		TargetFrameworkMoniker = ".NETFramework,Version%3Dv4.5"
		Debug.AspNetCompiler.VirtualPath = "/StockService"
		Debug.AspNetCompiler.PhysicalPath = "StockService\"
		Debug.AspNetCompiler.TargetPath = "PrecompiledWeb\StockService\"
		Debug.AspNetCompiler.Updateable = "true"
		Debug.AspNetCompiler.ForceOverwrite = "true"
		Debug.AspNetCompiler.FixedNames = "false"
		Debug.AspNetCompiler.Debug = "True"
		Release.AspNetCompiler.VirtualPath = "/StockService"
		Release.AspNetCompiler.PhysicalPath = "StockService\"
		Release.AspNetCompiler.TargetPath = "PrecompiledWeb\StockService\"
		Release.AspNetCompiler.Updateable = "true"
		Release.AspNetCompiler.ForceOverwrite = "true"
		Release.AspNetCompiler.FixedNames = "false"
		Release.AspNetCompiler.Debug = "False"
		VWDPort = "52851"
	EndProjectSection
EndProject
Global
	GlobalSection(SolutionConfigurationPlatforms) = preSolution
		Debug|Any CPU = Debug|Any CPU
		Release|Any CPU = Release|Any CPU
	EndGlobalSection
	GlobalSection(ProjectConfigurationPlatforms) = postSolution
		{BF3DADAD-2E6F-468A-8E2D-975BAE0776A2}.Debug|Any CPU.ActiveCfg = Debug|Any CPU
		{BF3DADAD-2E6F-468A-8E2D-975BAE0776A2}.Debug|Any CPU.Build.0 = Debug|Any CPU
		{BF3DADAD-2E6F-468A-8E2D-975BAE0776A2}.Release|Any CPU.ActiveCfg = Release|Any CPU
		{BF3DADAD-2E6F-468A-8E2D-975BAE0776A2}.Release|Any CPU.Build.0 = Release|Any CPU
		{318A8BEB-5A91-4AB0-A316-812F36734A28}.Debug|Any CPU.ActiveCfg = Debug|Any CPU
		{318A8BEB-5A91-4AB0-A316-812F36734A28}.Debug|Any CPU.Build.0 = Debug|Any CPU
		{318A8BEB-5A91-4AB0-A316-812F36734A28}.Release|Any CPU.ActiveCfg = Debug|Any CPU
		{318A8BEB-5A91-4AB0-A316-812F36734A28}.Release|Any CPU.Build.0 = Debug|Any CPU
	EndGlobalSection
	GlobalSection(SolutionProperties) = preSolution
		HideSolutionNode = FALSE
	EndGlobalSection
	GlobalSection(Performance) = preSolution
		HasPerformanceSessions = true
	EndGlobalSection
EndGlobal
