
Microsoft Visual Studio Solution File, Format Version 11.00
# Visual Studio 2010
Project("{E24C65DC-7377-472B-9ABA-BC803B73C61A}") = "ClassRollService", "ClassRollService\", "{F5993E95-3073-40FC-9F6B-80D5B4131508}"
	ProjectSection(WebsiteProperties) = preProject
		TargetFrameworkMoniker = ".NETFramework,Version%3Dv4.0"
		Debug.AspNetCompiler.VirtualPath = "/ClassRollService"
		Debug.AspNetCompiler.PhysicalPath = "ClassRollService\"
		Debug.AspNetCompiler.TargetPath = "PrecompiledWeb\ClassRollService\"
		Debug.AspNetCompiler.Updateable = "true"
		Debug.AspNetCompiler.ForceOverwrite = "true"
		Debug.AspNetCompiler.FixedNames = "false"
		Debug.AspNetCompiler.Debug = "True"
		Release.AspNetCompiler.VirtualPath = "/ClassRollService"
		Release.AspNetCompiler.PhysicalPath = "ClassRollService\"
		Release.AspNetCompiler.TargetPath = "PrecompiledWeb\ClassRollService\"
		Release.AspNetCompiler.Updateable = "true"
		Release.AspNetCompiler.ForceOverwrite = "true"
		Release.AspNetCompiler.FixedNames = "false"
		Release.AspNetCompiler.Debug = "False"
		VWDPort = "30128"
		DefaultWebSiteLanguage = "Visual C#"
	EndProjectSection
EndProject
Project("{FAE04EC0-301F-11D3-BF4B-00C04F79EFBC}") = "ClassRollConsumer", "ClassRollConsumer\ClassRollConsumer.csproj", "{5A5FF9B5-D639-407D-A6E8-44141F3F8070}"
	ProjectSection(ProjectDependencies) = postProject
		{F5993E95-3073-40FC-9F6B-80D5B4131508} = {F5993E95-3073-40FC-9F6B-80D5B4131508}
	EndProjectSection
EndProject
Global
	GlobalSection(SolutionConfigurationPlatforms) = preSolution
		Debug|Any CPU = Debug|Any CPU
		Debug|Mixed Platforms = Debug|Mixed Platforms
		Debug|x86 = Debug|x86
		Release|Any CPU = Release|Any CPU
		Release|Mixed Platforms = Release|Mixed Platforms
		Release|x86 = Release|x86
	EndGlobalSection
	GlobalSection(ProjectConfigurationPlatforms) = postSolution
		{F5993E95-3073-40FC-9F6B-80D5B4131508}.Debug|Any CPU.ActiveCfg = Debug|Any CPU
		{F5993E95-3073-40FC-9F6B-80D5B4131508}.Debug|Any CPU.Build.0 = Debug|Any CPU
		{F5993E95-3073-40FC-9F6B-80D5B4131508}.Debug|Mixed Platforms.ActiveCfg = Debug|Any CPU
		{F5993E95-3073-40FC-9F6B-80D5B4131508}.Debug|Mixed Platforms.Build.0 = Debug|Any CPU
		{F5993E95-3073-40FC-9F6B-80D5B4131508}.Debug|x86.ActiveCfg = Debug|Any CPU
		{F5993E95-3073-40FC-9F6B-80D5B4131508}.Release|Any CPU.ActiveCfg = Debug|Any CPU
		{F5993E95-3073-40FC-9F6B-80D5B4131508}.Release|Any CPU.Build.0 = Debug|Any CPU
		{F5993E95-3073-40FC-9F6B-80D5B4131508}.Release|Mixed Platforms.ActiveCfg = Debug|Any CPU
		{F5993E95-3073-40FC-9F6B-80D5B4131508}.Release|Mixed Platforms.Build.0 = Debug|Any CPU
		{F5993E95-3073-40FC-9F6B-80D5B4131508}.Release|x86.ActiveCfg = Debug|Any CPU
		{5A5FF9B5-D639-407D-A6E8-44141F3F8070}.Debug|Any CPU.ActiveCfg = Debug|x86
		{5A5FF9B5-D639-407D-A6E8-44141F3F8070}.Debug|Mixed Platforms.ActiveCfg = Debug|x86
		{5A5FF9B5-D639-407D-A6E8-44141F3F8070}.Debug|Mixed Platforms.Build.0 = Debug|x86
		{5A5FF9B5-D639-407D-A6E8-44141F3F8070}.Debug|x86.ActiveCfg = Debug|x86
		{5A5FF9B5-D639-407D-A6E8-44141F3F8070}.Debug|x86.Build.0 = Debug|x86
		{5A5FF9B5-D639-407D-A6E8-44141F3F8070}.Release|Any CPU.ActiveCfg = Release|x86
		{5A5FF9B5-D639-407D-A6E8-44141F3F8070}.Release|Mixed Platforms.ActiveCfg = Release|x86
		{5A5FF9B5-D639-407D-A6E8-44141F3F8070}.Release|Mixed Platforms.Build.0 = Release|x86
		{5A5FF9B5-D639-407D-A6E8-44141F3F8070}.Release|x86.ActiveCfg = Release|x86
		{5A5FF9B5-D639-407D-A6E8-44141F3F8070}.Release|x86.Build.0 = Release|x86
	EndGlobalSection
	GlobalSection(SolutionProperties) = preSolution
		HideSolutionNode = FALSE
	EndGlobalSection
EndGlobal
